
Microsoft Visual Studio Solution File, Format Version 12.00
# Visual Studio Version 17
VisualStudioVersion = 17.14.36623.8
MinimumVisualStudioVersion = 10.0.40219.1
Project("{FAE04EC0-301F-11D3-BF4B-00C04F79EFBC}") = "FirstEntityFW", "FirstEntityFW\FirstEntityFW.csproj", "{8477F437-31B1-4601-8338-335CBEF27CB8}"
EndProject
Project("{FAE04EC0-301F-11D3-BF4B-00C04F79EFBC}") = "E-Shop", "E-Shop\E-Shop.csproj", "{276569C7-D480-45B8-AAD1-021E470727E1}"
EndProject
Project("{FAE04EC0-301F-11D3-BF4B-00C04F79EFBC}") = "LibrarySystem", "LibrarySystem\LibrarySystem.csproj", "{CCB789C3-EBF3-4175-8505-0E4F229300C2}"
EndProject
Global
	GlobalSection(SolutionConfigurationPlatforms) = preSolution
		Debug|Any CPU = Debug|Any CPU
		Release|Any CPU = Release|Any CPU
	EndGlobalSection
	GlobalSection(ProjectConfigurationPlatforms) = postSolution
		{8477F437-31B1-4601-8338-335CBEF27CB8}.Debug|Any CPU.ActiveCfg = Debug|Any CPU
		{8477F437-31B1-4601-8338-335CBEF27CB8}.Debug|Any CPU.Build.0 = Debug|Any CPU
		{8477F437-31B1-4601-8338-335CBEF27CB8}.Release|Any CPU.ActiveCfg = Release|Any CPU
		{8477F437-31B1-4601-8338-335CBEF27CB8}.Release|Any CPU.Build.0 = Release|Any CPU
		{276569C7-D480-45B8-AAD1-021E470727E1}.Debug|Any CPU.ActiveCfg = Debug|Any CPU
		{276569C7-D480-45B8-AAD1-021E470727E1}.Debug|Any CPU.Build.0 = Debug|Any CPU
		{276569C7-D480-45B8-AAD1-021E470727E1}.Release|Any CPU.ActiveCfg = Release|Any CPU
		{276569C7-D480-45B8-AAD1-021E470727E1}.Release|Any CPU.Build.0 = Release|Any CPU
		{CCB789C3-EBF3-4175-8505-0E4F229300C2}.Debug|Any CPU.ActiveCfg = Debug|Any CPU
		{CCB789C3-EBF3-4175-8505-0E4F229300C2}.Debug|Any CPU.Build.0 = Debug|Any CPU
		{CCB789C3-EBF3-4175-8505-0E4F229300C2}.Release|Any CPU.ActiveCfg = Release|Any CPU
		{CCB789C3-EBF3-4175-8505-0E4F229300C2}.Release|Any CPU.Build.0 = Release|Any CPU
	EndGlobalSection
	GlobalSection(SolutionProperties) = preSolution
		HideSolutionNode = FALSE
	EndGlobalSection
	GlobalSection(ExtensibilityGlobals) = postSolution
		SolutionGuid = {25E12209-78F4-4AC0-9D71-E36C7EA27566}
	EndGlobalSection
EndGlobal
